hash: af378d7df00a08c86628a8531366770c2117ba37d5955b4a5753c8b59a508f5c
updated: 2017-11-18T02:26:35.613858657+01:00
imports:
- name: github.com/cenkalti/backoff
  version: 309aa717adbf351e92864cbedf9cca0b769a4b5a
- name: github.com/dghubble/go-twitter
  version: c4115fa44a928413e0b857e0eb47376ffde3a61a
  subpackages:
  - twitter
- name: github.com/dghubble/oauth1
  version: 7d51c10e15ca32917b32ce43f6e25840d6951db4
- name: github.com/dghubble/sling
  version: 80ec33c6152a53edb5545864ca37567b506c4ca5
- name: github.com/golang/glog
  version: 23def4e6c14b4da8ac2ed8007337bc5eb5007998
- name: github.com/google/go-querystring
  version: 53e6ce116135b80d037921a7fdd5138cf32d7a8a
  subpackages:
  - query
- name: golang.org/x/net
  version: 35ec611a141ee705590b9eb64d673f9e6dfeb1ac
  subpackages:
  - context
testImports:
- name: github.com/davecgh/go-spew
  version: 04cdfd42973bb9c8589fd6a731800cf222fde1a9
  subpackages:
  - spew
- name: github.com/pmezard/go-difflib
  version: d8ed2627bdf02c080bf22230dbb337003b7aba2d
  subpackages:
  - difflib
- name: github.com/stretchr/testify
  version: 2aa2c176b9dab406a6970f6a55f513e8a8c8b18f
  subpackages:
  - assert
